// !$*UTF8*$!
{
	archiveVersion = 1;
	classes = {
	};
	objectVersion = 48;
	objects = {

/* Begin PBXBuildFile section */
		7874DD9E2144FE0B0089315C /* photo.jpg in Resources */ = {isa = PBXBuildFile; fileRef = 7874DD9D2144FE0B0089315C /* photo.jpg */; };
		78B4924520FB07620049A647 /* CoreVideo.framework in Frameworks */ = {isa = PBXBuildFile; fileRef = 78B4924420FB07620049A647 /* CoreVideo.framework */; };
		78B4924820FB8BE70049A647 /* Game.cpp in Sources */ = {isa = PBXBuildFile; fileRef = 78B4924620FB8BE70049A647 /* Game.cpp */; };
		78B4924B20FB8D780049A647 /* StringSupport.mm in Sources */ = {isa = PBXBuildFile; fileRef = 78B4924920FB8D780049A647 /* StringSupport.mm */; };
		78B4925120FCC8F60049A647 /* Time.mm in Sources */ = {isa = PBXBuildFile; fileRef = 78B4924F20FCC8F60049A647 /* Time.mm */; };
		78B4925420FCCC720049A647 /* Input.mm in Sources */ = {isa = PBXBuildFile; fileRef = 78B4925220FCCC720049A647 /* Input.mm */; };
		78B49257210364D00049A647 /* Shader.cpp in Sources */ = {isa = PBXBuildFile; fileRef = 78B49255210364D00049A647 /* Shader.cpp */; };
		78B49259210366BB0049A647 /* myshader.vsh in Resources */ = {isa = PBXBuildFile; fileRef = 78B49258210366BB0049A647 /* myshader.vsh */; };
		78B4925B210366C90049A647 /* myshader.fsh in Resources */ = {isa = PBXBuildFile; fileRef = 78B4925A210366C90049A647 /* myshader.fsh */; };
		78B4925E21040D3D0049A647 /* Texture.mm in Sources */ = {isa = PBXBuildFile; fileRef = 78B4925C21040D3D0049A647 /* Texture.mm */; };
		78EBF98D21733345008ACA73 /* plane.obj in Resources */ = {isa = PBXBuildFile; fileRef = 78EBF98C21733345008ACA73 /* plane.obj */; };
		78ECF4FB2229752C00F0D765 /* stencilshadow.vsh in Resources */ = {isa = PBXBuildFile; fileRef = 78ECF4FA2229752C00F0D765 /* stencilshadow.vsh */; };
		78ECF4FD222978B300F0D765 /* stencilshadow.fsh in Resources */ = {isa = PBXBuildFile; fileRef = 78ECF4FC222978B300F0D765 /* stencilshadow.fsh */; };
		78F50175210D5A3C0061CA0C /* photo2.jpg in Resources */ = {isa = PBXBuildFile; fileRef = 78F50174210D5A3B0061CA0C /* photo2.jpg */; };
		B61BF8FA2145F6C0008B00E4 /* bunny.obj in Resources */ = {isa = PBXBuildFile; fileRef = B61BF8F92145F6C0008B00E4 /* bunny.obj */; };
		B61BF8FC2145F6ED008B00E4 /* teapot.obj in Resources */ = {isa = PBXBuildFile; fileRef = B61BF8FB2145F6ED008B00E4 /* teapot.obj */; };
		B6B056A520FAF261004C4490 /* AppDelegate.m in Sources */ = {isa = PBXBuildFile; fileRef = B6B056A420FAF261004C4490 /* AppDelegate.m */; };
		B6B056A820FAF261004C4490 /* ViewController.mm in Sources */ = {isa = PBXBuildFile; fileRef = B6B056A720FAF261004C4490 /* ViewController.mm */; };
		B6B056AA20FAF261004C4490 /* Assets.xcassets in Resources */ = {isa = PBXBuildFile; fileRef = B6B056A920FAF261004C4490 /* Assets.xcassets */; };
		B6B056AD20FAF261004C4490 /* Main.storyboard in Resources */ = {isa = PBXBuildFile; fileRef = B6B056AB20FAF261004C4490 /* Main.storyboard */; };
		B6B056B020FAF261004C4490 /* main.m in Sources */ = {isa = PBXBuildFile; fileRef = B6B056AF20FAF261004C4490 /* main.m */; };
		B6B056B920FAF2A4004C4490 /* GLKit.framework in Frameworks */ = {isa = PBXBuildFile; fileRef = B6B056B820FAF2A4004C4490 /* GLKit.framework */; };
		B6B056BB20FAF2B5004C4490 /* OpenGL.framework in Frameworks */ = {isa = PBXBuildFile; fileRef = B6B056BA20FAF2B5004C4490 /* OpenGL.framework */; };
		B6B056BE20FAF2E2004C4490 /* MyGLView.mm in Sources */ = {isa = PBXBuildFile; fileRef = B6B056BD20FAF2E2004C4490 /* MyGLView.mm */; };
		B6B056C120FAF69B004C4490 /* WindowController.m in Sources */ = {isa = PBXBuildFile; fileRef = B6B056C020FAF69B004C4490 /* WindowController.m */; };
		B6DBCC24214B4582005A2EAB /* ModelIO.framework in Frameworks */ = {isa = PBXBuildFile; fileRef = B6DBCC23214B4582005A2EAB /* ModelIO.framework */; };
		B6DBCC27214B45A1005A2EAB /* Mesh.mm in Sources */ = {isa = PBXBuildFile; fileRef = B6DBCC25214B45A1005A2EAB /* Mesh.mm */; };
/* End PBXBuildFile section */

/* Begin PBXFileReference section */
		7874DD9D2144FE0B0089315C /* photo.jpg */ = {isa = PBXFileReference; lastKnownFileType = image.jpeg; path = photo.jpg; sourceTree = "<group>"; };
		789E18502226CFA400C46C31 /* Metal.framework */ = {isa = PBXFileReference; lastKnownFileType = wrapper.framework; name = Metal.framework; path = System/Library/Frameworks/Metal.framework; sourceTree = SDKROOT; };
		78B4924420FB07620049A647 /* CoreVideo.framework */ = {isa = PBXFileReference; lastKnownFileType = wrapper.framework; name = CoreVideo.framework; path = System/Library/Frameworks/CoreVideo.framework; sourceTree = SDKROOT; };
		78B4924620FB8BE70049A647 /* Game.cpp */ = {isa = PBXFileReference; lastKnownFileType = sourcecode.cpp.cpp; path = Game.cpp; sourceTree = "<group>"; };
		78B4924720FB8BE70049A647 /* Game.hpp */ = {isa = PBXFileReference; lastKnownFileType = sourcecode.cpp.h; path = Game.hpp; sourceTree = "<group>"; };
		78B4924920FB8D780049A647 /* StringSupport.mm */ = {isa = PBXFileReference; lastKnownFileType = sourcecode.cpp.objcpp; path = StringSupport.mm; sourceTree = "<group>"; };
		78B4924A20FB8D780049A647 /* StringSupport.hpp */ = {isa = PBXFileReference; lastKnownFileType = sourcecode.cpp.h; path = StringSupport.hpp; sourceTree = "<group>"; };
		78B4924F20FCC8F60049A647 /* Time.mm */ = {isa = PBXFileReference; lastKnownFileType = sourcecode.cpp.objcpp; path = Time.mm; sourceTree = "<group>"; };
		78B4925020FCC8F60049A647 /* Time.hpp */ = {isa = PBXFileReference; lastKnownFileType = sourcecode.cpp.h; path = Time.hpp; sourceTree = "<group>"; };
		78B4925220FCCC720049A647 /* Input.mm */ = {isa = PBXFileReference; lastKnownFileType = sourcecode.cpp.objcpp; path = Input.mm; sourceTree = "<group>"; };
		78B4925320FCCC720049A647 /* Input.hpp */ = {isa = PBXFileReference; lastKnownFileType = sourcecode.cpp.h; path = Input.hpp; sourceTree = "<group>"; };
		78B49255210364D00049A647 /* Shader.cpp */ = {isa = PBXFileReference; lastKnownFileType = sourcecode.cpp.cpp; path = Shader.cpp; sourceTree = "<group>"; };
		78B49256210364D00049A647 /* Shader.hpp */ = {isa = PBXFileReference; lastKnownFileType = sourcecode.cpp.h; path = Shader.hpp; sourceTree = "<group>"; };
		78B49258210366BB0049A647 /* myshader.vsh */ = {isa = PBXFileReference; lastKnownFileType = sourcecode.glsl; path = myshader.vsh; sourceTree = "<group>"; };
		78B4925A210366C90049A647 /* myshader.fsh */ = {isa = PBXFileReference; lastKnownFileType = sourcecode.glsl; path = myshader.fsh; sourceTree = "<group>"; };
		78B4925C21040D3D0049A647 /* Texture.mm */ = {isa = PBXFileReference; lastKnownFileType = sourcecode.cpp.objcpp; path = Texture.mm; sourceTree = "<group>"; };
		78B4925D21040D3D0049A647 /* Texture.hpp */ = {isa = PBXFileReference; lastKnownFileType = sourcecode.cpp.h; path = Texture.hpp; sourceTree = "<group>"; };
		78EBF98C21733345008ACA73 /* plane.obj */ = {isa = PBXFileReference; fileEncoding = 4; lastKnownFileType = text; path = plane.obj; sourceTree = "<group>"; };
		78ECF4FA2229752C00F0D765 /* stencilshadow.vsh */ = {isa = PBXFileReference; lastKnownFileType = sourcecode.glsl; path = stencilshadow.vsh; sourceTree = "<group>"; };
		78ECF4FC222978B300F0D765 /* stencilshadow.fsh */ = {isa = PBXFileReference; fileEncoding = 4; lastKnownFileType = sourcecode.glsl; path = stencilshadow.fsh; sourceTree = "<group>"; };
		78F50174210D5A3B0061CA0C /* photo2.jpg */ = {isa = PBXFileReference; lastKnownFileType = image.jpeg; path = photo2.jpg; sourceTree = "<group>"; };
		B61BF8F92145F6C0008B00E4 /* bunny.obj */ = {isa = PBXFileReference; fileEncoding = 4; lastKnownFileType = text; path = bunny.obj; sourceTree = "<group>"; };
		B61BF8FB2145F6ED008B00E4 /* teapot.obj */ = {isa = PBXFileReference; fileEncoding = 4; lastKnownFileType = text; path = teapot.obj; sourceTree = "<group>"; };
		B6B056A020FAF261004C4490 /* MyGLGame.app */ = {isa = PBXFileReference; explicitFileType = wrapper.application; includeInIndex = 0; path = MyGLGame.app; sourceTree = BUILT_PRODUCTS_DIR; };
		B6B056A320FAF261004C4490 /* AppDelegate.h */ = {isa = PBXFileReference; lastKnownFileType = sourcecode.c.h; path = AppDelegate.h; sourceTree = "<group>"; };
		B6B056A420FAF261004C4490 /* AppDelegate.m */ = {isa = PBXFileReference; lastKnownFileType = sourcecode.c.objc; path = AppDelegate.m; sourceTree = "<group>"; };
		B6B056A620FAF261004C4490 /* ViewController.h */ = {isa = PBXFileReference; lastKnownFileType = sourcecode.c.h; path = ViewController.h; sourceTree = "<group>"; };
		B6B056A720FAF261004C4490 /* ViewController.mm */ = {isa = PBXFileReference; lastKnownFileType = sourcecode.cpp.objcpp; path = ViewController.mm; sourceTree = "<group>"; };
		B6B056A920FAF261004C4490 /* Assets.xcassets */ = {isa = PBXFileReference; lastKnownFileType = folder.assetcatalog; path = Assets.xcassets; sourceTree = "<group>"; };
		B6B056AC20FAF261004C4490 /* Base */ = {isa = PBXFileReference; lastKnownFileType = file.storyboard; name = Base; path = Base.lproj/Main.storyboard; sourceTree = "<group>"; };
		B6B056AE20FAF261004C4490 /* Info.plist */ = {isa = PBXFileReference; lastKnownFileType = text.plist.xml; path = Info.plist; sourceTree = "<group>"; };
		B6B056AF20FAF261004C4490 /* main.m */ = {isa = PBXFileReference; lastKnownFileType = sourcecode.c.objc; path = main.m; sourceTree = "<group>"; };
		B6B056B120FAF261004C4490 /* MyGLGame.entitlements */ = {isa = PBXFileReference; lastKnownFileType = text.plist.entitlements; path = MyGLGame.entitlements; sourceTree = "<group>"; };
		B6B056B820FAF2A4004C4490 /* GLKit.framework */ = {isa = PBXFileReference; lastKnownFileType = wrapper.framework; name = GLKit.framework; path = System/Library/Frameworks/GLKit.framework; sourceTree = SDKROOT; };
		B6B056BA20FAF2B5004C4490 /* OpenGL.framework */ = {isa = PBXFileReference; lastKnownFileType = wrapper.framework; name = OpenGL.framework; path = System/Library/Frameworks/OpenGL.framework; sourceTree = SDKROOT; };
		B6B056BC20FAF2E2004C4490 /* MyGLView.h */ = {isa = PBXFileReference; lastKnownFileType = sourcecode.c.h; path = MyGLView.h; sourceTree = "<group>"; };
		B6B056BD20FAF2E2004C4490 /* MyGLView.mm */ = {isa = PBXFileReference; lastKnownFileType = sourcecode.cpp.objcpp; path = MyGLView.mm; sourceTree = "<group>"; };
		B6B056BF20FAF69B004C4490 /* WindowController.h */ = {isa = PBXFileReference; lastKnownFileType = sourcecode.c.h; path = WindowController.h; sourceTree = "<group>"; };
		B6B056C020FAF69B004C4490 /* WindowController.m */ = {isa = PBXFileReference; lastKnownFileType = sourcecode.c.objc; path = WindowController.m; sourceTree = "<group>"; };
		B6DBCC23214B4582005A2EAB /* ModelIO.framework */ = {isa = PBXFileReference; lastKnownFileType = wrapper.framework; name = ModelIO.framework; path = System/Library/Frameworks/ModelIO.framework; sourceTree = SDKROOT; };
		B6DBCC25214B45A1005A2EAB /* Mesh.mm */ = {isa = PBXFileReference; lastKnownFileType = sourcecode.cpp.objcpp; path = Mesh.mm; sourceTree = "<group>"; };
		B6DBCC26214B45A1005A2EAB /* Mesh.hpp */ = {isa = PBXFileReference; lastKnownFileType = sourcecode.cpp.h; path = Mesh.hpp; sourceTree = "<group>"; };
/* End PBXFileReference section */

/* Begin PBXFrameworksBuildPhase section */
		B6B0569D20FAF261004C4490 /* Frameworks */ = {
			isa = PBXFrameworksBuildPhase;
			buildActionMask = 2147483647;
			files = (
				B6DBCC24214B4582005A2EAB /* ModelIO.framework in Frameworks */,
				78B4924520FB07620049A647 /* CoreVideo.framework in Frameworks */,
				B6B056BB20FAF2B5004C4490 /* OpenGL.framework in Frameworks */,
				B6B056B920FAF2A4004C4490 /* GLKit.framework in Frameworks */,
			);
			runOnlyForDeploymentPostprocessing = 0;
		};
/* End PBXFrameworksBuildPhase section */

/* Begin PBXGroup section */
		78B4924C20FB8EE80049A647 /* GameLibrary */ = {
			isa = PBXGroup;
			children = (
				B6B056A320FAF261004C4490 /* AppDelegate.h */,
				B6B056A420FAF261004C4490 /* AppDelegate.m */,
				B6B056A920FAF261004C4490 /* Assets.xcassets */,
				B6B056AE20FAF261004C4490 /* Info.plist */,
				B6B056AF20FAF261004C4490 /* main.m */,
				B6B056AB20FAF261004C4490 /* Main.storyboard */,
				B6B056B120FAF261004C4490 /* MyGLGame.entitlements */,
				B6B056BC20FAF2E2004C4490 /* MyGLView.h */,
				B6B056BD20FAF2E2004C4490 /* MyGLView.mm */,
				78B4924A20FB8D780049A647 /* StringSupport.hpp */,
				78B4924920FB8D780049A647 /* StringSupport.mm */,
				B6DBCC25214B45A1005A2EAB /* Mesh.mm */,
				B6DBCC26214B45A1005A2EAB /* Mesh.hpp */,
				78B49255210364D00049A647 /* Shader.cpp */,
				78B49256210364D00049A647 /* Shader.hpp */,
				78B4925C21040D3D0049A647 /* Texture.mm */,
				78B4925D21040D3D0049A647 /* Texture.hpp */,
				78B4924F20FCC8F60049A647 /* Time.mm */,
				78B4925020FCC8F60049A647 /* Time.hpp */,
				B6B056A620FAF261004C4490 /* ViewController.h */,
				B6B056A720FAF261004C4490 /* ViewController.mm */,
				B6B056BF20FAF69B004C4490 /* WindowController.h */,
				B6B056C020FAF69B004C4490 /* WindowController.m */,
				78B4925220FCCC720049A647 /* Input.mm */,
				78B4925320FCCC720049A647 /* Input.hpp */,
			);
			name = GameLibrary;
			sourceTree = "<group>";
		};
		78B4924E20FB8F0A0049A647 /* Resources */ = {
			isa = PBXGroup;
			children = (
				7874DD9D2144FE0B0089315C /* photo.jpg */,
				78F50174210D5A3B0061CA0C /* photo2.jpg */,
				B61BF8F92145F6C0008B00E4 /* bunny.obj */,
				B61BF8FB2145F6ED008B00E4 /* teapot.obj */,
				78EBF98C21733345008ACA73 /* plane.obj */,
				78B49258210366BB0049A647 /* myshader.vsh */,
				78B4925A210366C90049A647 /* myshader.fsh */,
				78ECF4FC222978B300F0D765 /* stencilshadow.fsh */,
				78ECF4FA2229752C00F0D765 /* stencilshadow.vsh */,
			);
			name = Resources;
			sourceTree = "<group>";
		};
		B6B0569720FAF261004C4490 = {
			isa = PBXGroup;
			children = (
				B6B056A220FAF261004C4490 /* MyGLGame */,
				B6B056A120FAF261004C4490 /* Products */,
				B6B056B720FAF2A3004C4490 /* Frameworks */,
			);
			sourceTree = "<group>";
		};
		B6B056A120FAF261004C4490 /* Products */ = {
			isa = PBXGroup;
			children = (
				B6B056A020FAF261004C4490 /* MyGLGame.app */,
			);
			name = Products;
			sourceTree = "<group>";
		};
		B6B056A220FAF261004C4490 /* MyGLGame */ = {
			isa = PBXGroup;
			children = (
				78B4924E20FB8F0A0049A647 /* Resources */,
				78B4924C20FB8EE80049A647 /* GameLibrary */,
				78B4924620FB8BE70049A647 /* Game.cpp */,
				78B4924720FB8BE70049A647 /* Game.hpp */,
			);
			path = MyGLGame;
			sourceTree = "<group>";
		};
		B6B056B720FAF2A3004C4490 /* Frameworks */ = {
			isa = PBXGroup;
			children = (
				789E18502226CFA400C46C31 /* Metal.framework */,
				B6DBCC23214B4582005A2EAB /* ModelIO.framework */,
				78B4924420FB07620049A647 /* CoreVideo.framework */,
				B6B056BA20FAF2B5004C4490 /* OpenGL.framework */,
				B6B056B820FAF2A4004C4490 /* GLKit.framework */,
			);
			name = Frameworks;
			sourceTree = "<group>";
		};
/* End PBXGroup section */

/* Begin PBXNativeTarget section */
		B6B0569F20FAF261004C4490 /* MyGLGame */ = {
			isa = PBXNativeTarget;
			buildConfigurationList = B6B056B420FAF261004C4490 /* Build configuration list for PBXNativeTarget "MyGLGame" */;
			buildPhases = (
				B6B0569C20FAF261004C4490 /* Sources */,
				B6B0569D20FAF261004C4490 /* Frameworks */,
				B6B0569E20FAF261004C4490 /* Resources */,
			);
			buildRules = (
			);
			dependencies = (
			);
			name = MyGLGame;
			productName = MyGLGame;
			productReference = B6B056A020FAF261004C4490 /* MyGLGame.app */;
			productType = "com.apple.product-type.application";
		};
/* End PBXNativeTarget section */

/* Begin PBXProject section */
		B6B0569820FAF261004C4490 /* Project object */ = {
			isa = PBXProject;
			attributes = {
				LastUpgradeCheck = 0920;
				ORGANIZATIONNAME = uechoco;
				TargetAttributes = {
					B6B0569F20FAF261004C4490 = {
						CreatedOnToolsVersion = 9.2;
						ProvisioningStyle = Automatic;
					};
				};
			};
			buildConfigurationList = B6B0569B20FAF261004C4490 /* Build configuration list for PBXProject "MyGLGame" */;
			compatibilityVersion = "Xcode 8.0";
			developmentRegion = en;
			hasScannedForEncodings = 0;
			knownRegions = (
				en,
				Base,
			);
			mainGroup = B6B0569720FAF261004C4490;
			productRefGroup = B6B056A120FAF261004C4490 /* Products */;
			projectDirPath = "";
			projectRoot = "";
			targets = (
				B6B0569F20FAF261004C4490 /* MyGLGame */,
			);
		};
/* End PBXProject section */

/* Begin PBXResourcesBuildPhase section */
		B6B0569E20FAF261004C4490 /* Resources */ = {
			isa = PBXResourcesBuildPhase;
			buildActionMask = 2147483647;
			files = (
				78ECF4FB2229752C00F0D765 /* stencilshadow.vsh in Resources */,
				7874DD9E2144FE0B0089315C /* photo.jpg in Resources */,
				B61BF8FA2145F6C0008B00E4 /* bunny.obj in Resources */,
				78B4925B210366C90049A647 /* myshader.fsh in Resources */,
				78F50175210D5A3C0061CA0C /* photo2.jpg in Resources */,
				B6B056AA20FAF261004C4490 /* Assets.xcassets in Resources */,
				78EBF98D21733345008ACA73 /* plane.obj in Resources */,
				78B49259210366BB0049A647 /* myshader.vsh in Resources */,
				78ECF4FD222978B300F0D765 /* stencilshadow.fsh in Resources */,
				B6B056AD20FAF261004C4490 /* Main.storyboard in Resources */,
				B61BF8FC2145F6ED008B00E4 /* teapot.obj in Resources */,
			);
			runOnlyForDeploymentPostprocessing = 0;
		};
/* End PBXResourcesBuildPhase section */

/* Begin PBXSourcesBuildPhase section */
		B6B0569C20FAF261004C4490 /* Sources */ = {
			isa = PBXSourcesBuildPhase;
			buildActionMask = 2147483647;
			files = (
				78B4925120FCC8F60049A647 /* Time.mm in Sources */,
				B6B056C120FAF69B004C4490 /* WindowController.m in Sources */,
				B6B056A820FAF261004C4490 /* ViewController.mm in Sources */,
				78B4924B20FB8D780049A647 /* StringSupport.mm in Sources */,
				78B49257210364D00049A647 /* Shader.cpp in Sources */,
				B6B056BE20FAF2E2004C4490 /* MyGLView.mm in Sources */,
				B6DBCC27214B45A1005A2EAB /* Mesh.mm in Sources */,
				78B4924820FB8BE70049A647 /* Game.cpp in Sources */,
				78B4925420FCCC720049A647 /* Input.mm in Sources */,
				B6B056B020FAF261004C4490 /* main.m in Sources */,
				B6B056A520FAF261004C4490 /* AppDelegate.m in Sources */,
				78B4925E21040D3D0049A647 /* Texture.mm in Sources */,
			);
			runOnlyForDeploymentPostprocessing = 0;
		};
/* End PBXSourcesBuildPhase section */

/* Begin PBXVariantGroup section */
		B6B056AB20FAF261004C4490 /* Main.storyboard */ = {
			isa = PBXVariantGroup;
			children = (
				B6B056AC20FAF261004C4490 /* Base */,
			);
			name = Main.storyboard;
			sourceTree = "<group>";
		};
/* End PBXVariantGroup section */

/* Begin XCBuildConfiguration section */
		B6B056B220FAF261004C4490 /* Debug */ = {
			isa = XCBuildConfiguration;
			buildSettings = {
				ALWAYS_SEARCH_USER_PATHS = NO;
				CLANG_ANALYZER_NONNULL = YES;
				CLANG_ANALYZER_NUMBER_OBJECT_CONVERSION = YES_AGGRESSIVE;
				CLANG_CXX_LANGUAGE_STANDARD = "gnu++14";
				CLANG_CXX_LIBRARY = "libc++";
				CLANG_ENABLE_MODULES = YES;
				CLANG_ENABLE_OBJC_ARC = YES;
				CLANG_WARN_BLOCK_CAPTURE_AUTORELEASING = YES;
				CLANG_WARN_BOOL_CONVERSION = YES;
				CLANG_WARN_COMMA = YES;
				CLANG_WARN_CONSTANT_CONVERSION = YES;
				CLANG_WARN_DIRECT_OBJC_ISA_USAGE = YES_ERROR;
				CLANG_WARN_DOCUMENTATION_COMMENTS = YES;
				CLANG_WARN_EMPTY_BODY = YES;
				CLANG_WARN_ENUM_CONVERSION = YES;
				CLANG_WARN_INFINITE_RECURSION = YES;
				CLANG_WARN_INT_CONVERSION = YES;
				CLANG_WARN_NON_LITERAL_NULL_CONVERSION = YES;
				CLANG_WARN_OBJC_LITERAL_CONVERSION = YES;
				CLANG_WARN_OBJC_ROOT_CLASS = YES_ERROR;
				CLANG_WARN_RANGE_LOOP_ANALYSIS = YES;
				CLANG_WARN_STRICT_PROTOTYPES = YES;
				CLANG_WARN_SUSPICIOUS_MOVE = YES;
				CLANG_WARN_UNGUARDED_AVAILABILITY = YES_AGGRESSIVE;
				CLANG_WARN_UNREACHABLE_CODE = YES;
				CLANG_WARN__DUPLICATE_METHOD_MATCH = YES;
				CODE_SIGN_IDENTITY = "-";
				COPY_PHASE_STRIP = NO;
				DEBUG_INFORMATION_FORMAT = dwarf;
				ENABLE_STRICT_OBJC_MSGSEND = YES;
				ENABLE_TESTABILITY = YES;
				GCC_C_LANGUAGE_STANDARD = gnu11;
				GCC_DYNAMIC_NO_PIC = NO;
				GCC_NO_COMMON_BLOCKS = YES;
				GCC_OPTIMIZATION_LEVEL = 0;
				GCC_PREPROCESSOR_DEFINITIONS = (
					"DEBUG=1",
					"$(inherited)",
				);
				GCC_WARN_64_TO_32_BIT_CONVERSION = YES;
				GCC_WARN_ABOUT_RETURN_TYPE = YES_ERROR;
				GCC_WARN_UNDECLARED_SELECTOR = YES;
				GCC_WARN_UNINITIALIZED_AUTOS = YES_AGGRESSIVE;
				GCC_WARN_UNUSED_FUNCTION = YES;
				GCC_WARN_UNUSED_VARIABLE = YES;
				MACOSX_DEPLOYMENT_TARGET = 10.12;
				MTL_ENABLE_DEBUG_INFO = YES;
				ONLY_ACTIVE_ARCH = YES;
				SDKROOT = macosx;
			};
			name = Debug;
		};
		B6B056B320FAF261004C4490 /* Release */ = {
			isa = XCBuildConfiguration;
			buildSettings = {
				ALWAYS_SEARCH_USER_PATHS = NO;
				CLANG_ANALYZER_NONNULL = YES;
				CLANG_ANALYZER_NUMBER_OBJECT_CONVERSION = YES_AGGRESSIVE;
				CLANG_CXX_LANGUAGE_STANDARD = "gnu++14";
				CLANG_CXX_LIBRARY = "libc++";
				CLANG_ENABLE_MODULES = YES;
				CLANG_ENABLE_OBJC_ARC = YES;
				CLANG_WARN_BLOCK_CAPTURE_AUTORELEASING = YES;
				CLANG_WARN_BOOL_CONVERSION = YES;
				CLANG_WARN_COMMA = YES;
				CLANG_WARN_CONSTANT_CONVERSION = YES;
				CLANG_WARN_DIRECT_OBJC_ISA_USAGE = YES_ERROR;
				CLANG_WARN_DOCUMENTATION_COMMENTS = YES;
				CLANG_WARN_EMPTY_BODY = YES;
				CLANG_WARN_ENUM_CONVERSION = YES;
				CLANG_WARN_INFINITE_RECURSION = YES;
				CLANG_WARN_INT_CONVERSION = YES;
				CLANG_WARN_NON_LITERAL_NULL_CONVERSION = YES;
				CLANG_WARN_OBJC_LITERAL_CONVERSION = YES;
				CLANG_WARN_OBJC_ROOT_CLASS = YES_ERROR;
				CLANG_WARN_RANGE_LOOP_ANALYSIS = YES;
				CLANG_WARN_STRICT_PROTOTYPES = YES;
				CLANG_WARN_SUSPICIOUS_MOVE = YES;
				CLANG_WARN_UNGUARDED_AVAILABILITY = YES_AGGRESSIVE;
				CLANG_WARN_UNREACHABLE_CODE = YES;
				CLANG_WARN__DUPLICATE_METHOD_MATCH = YES;
				CODE_SIGN_IDENTITY = "-";
				COPY_PHASE_STRIP = NO;
				DEBUG_INFORMATION_FORMAT = "dwarf-with-dsym";
				ENABLE_NS_ASSERTIONS = NO;
				ENABLE_STRICT_OBJC_MSGSEND = YES;
				GCC_C_LANGUAGE_STANDARD = gnu11;
				GCC_NO_COMMON_BLOCKS = YES;
				GCC_WARN_64_TO_32_BIT_CONVERSION = YES;
				GCC_WARN_ABOUT_RETURN_TYPE = YES_ERROR;
				GCC_WARN_UNDECLARED_SELECTOR = YES;
				GCC_WARN_UNINITIALIZED_AUTOS = YES_AGGRESSIVE;
				GCC_WARN_UNUSED_FUNCTION = YES;
				GCC_WARN_UNUSED_VARIABLE = YES;
				MACOSX_DEPLOYMENT_TARGET = 10.12;
				MTL_ENABLE_DEBUG_INFO = NO;
				SDKROOT = macosx;
			};
			name = Release;
		};
		B6B056B520FAF261004C4490 /* Debug */ = {
			isa = XCBuildConfiguration;
			buildSettings = {
				ASSETCATALOG_COMPILER_APPICON_NAME = AppIcon;
				CODE_SIGN_ENTITLEMENTS = MyGLGame/MyGLGame.entitlements;
				CODE_SIGN_STYLE = Automatic;
				COMBINE_HIDPI_IMAGES = YES;
				INFOPLIST_FILE = MyGLGame/Info.plist;
				LD_RUNPATH_SEARCH_PATHS = "$(inherited) @executable_path/../Frameworks";
				PRODUCT_BUNDLE_IDENTIFIER = com.uechoco.MyGLGame;
				PRODUCT_NAME = "$(TARGET_NAME)";
			};
			name = Debug;
		};
		B6B056B620FAF261004C4490 /* Release */ = {
			isa = XCBuildConfiguration;
			buildSettings = {
				ASSETCATALOG_COMPILER_APPICON_NAME = AppIcon;
				CODE_SIGN_ENTITLEMENTS = MyGLGame/MyGLGame.entitlements;
				CODE_SIGN_STYLE = Automatic;
				COMBINE_HIDPI_IMAGES = YES;
				INFOPLIST_FILE = MyGLGame/Info.plist;
				LD_RUNPATH_SEARCH_PATHS = "$(inherited) @executable_path/../Frameworks";
				PRODUCT_BUNDLE_IDENTIFIER = com.uechoco.MyGLGame;
				PRODUCT_NAME = "$(TARGET_NAME)";
			};
			name = Release;
		};
/* End XCBuildConfiguration section */

/* Begin XCConfigurationList section */
		B6B0569B20FAF261004C4490 /* Build configuration list for PBXProject "MyGLGame" */ = {
			isa = XCConfigurationList;
			buildConfigurations = (
				B6B056B220FAF261004C4490 /* Debug */,
				B6B056B320FAF261004C4490 /* Release */,
			);
			defaultConfigurationIsVisible = 0;
			defaultConfigurationName = Release;
		};
		B6B056B420FAF261004C4490 /* Build configuration list for PBXNativeTarget "MyGLGame" */ = {
			isa = XCConfigurationList;
			buildConfigurations = (
				B6B056B520FAF261004C4490 /* Debug */,
				B6B056B620FAF261004C4490 /* Release */,
			);
			defaultConfigurationIsVisible = 0;
			defaultConfigurationName = Release;
		};
/* End XCConfigurationList section */
	};
	rootObject = B6B0569820FAF261004C4490 /* Project object */;
}
